
Microsoft Visual Studio Solution File, Format Version 12.00
# Visual Studio 2012
Project("{FAE04EC0-301F-11D3-BF4B-00C04F79EFBC}") = "Machine.DAL", "Machine.DAL\Machine.DAL.csproj", "{45709F2B-4152-425D-900B-2AE2BECC7172}"
EndProject
Project("{FAE04EC0-301F-11D3-BF4B-00C04F79EFBC}") = "Machine.BAL", "Machine.BAL\Machine.BAL.csproj", "{4DF10A43-40D5-4851-90AA-6AB102ABEBE2}"
EndProject
Project("{FAE04EC0-301F-11D3-BF4B-00C04F79EFBC}") = "Machine.Web", "Machine.Web\Machine.Web.csproj", "{932F1DBE-8E2A-44D6-9CDC-AA79C567130A}"
EndProject
Global
	GlobalSection(SolutionConfigurationPlatforms) = preSolution
		Debug|Any CPU = Debug|Any CPU
		Release|Any CPU = Release|Any CPU
	EndGlobalSection
	GlobalSection(ProjectConfigurationPlatforms) = postSolution
		{45709F2B-4152-425D-900B-2AE2BECC7172}.Debug|Any CPU.ActiveCfg = Debug|Any CPU
		{45709F2B-4152-425D-900B-2AE2BECC7172}.Debug|Any CPU.Build.0 = Debug|Any CPU
		{45709F2B-4152-425D-900B-2AE2BECC7172}.Release|Any CPU.ActiveCfg = Release|Any CPU
		{45709F2B-4152-425D-900B-2AE2BECC7172}.Release|Any CPU.Build.0 = Release|Any CPU
		{4DF10A43-40D5-4851-90AA-6AB102ABEBE2}.Debug|Any CPU.ActiveCfg = Debug|Any CPU
		{4DF10A43-40D5-4851-90AA-6AB102ABEBE2}.Debug|Any CPU.Build.0 = Debug|Any CPU
		{4DF10A43-40D5-4851-90AA-6AB102ABEBE2}.Release|Any CPU.ActiveCfg = Release|Any CPU
		{4DF10A43-40D5-4851-90AA-6AB102ABEBE2}.Release|Any CPU.Build.0 = Release|Any CPU
		{932F1DBE-8E2A-44D6-9CDC-AA79C567130A}.Debug|Any CPU.ActiveCfg = Debug|Any CPU
		{932F1DBE-8E2A-44D6-9CDC-AA79C567130A}.Debug|Any CPU.Build.0 = Debug|Any CPU
		{932F1DBE-8E2A-44D6-9CDC-AA79C567130A}.Release|Any CPU.ActiveCfg = Release|Any CPU
		{932F1DBE-8E2A-44D6-9CDC-AA79C567130A}.Release|Any CPU.Build.0 = Release|Any CPU
	EndGlobalSection
	GlobalSection(SolutionProperties) = preSolution
		HideSolutionNode = FALSE
	EndGlobalSection
EndGlobal
